
Microsoft Visual Studio Solution File, Format Version 12.00
# Visual Studio 15
VisualStudioVersion = 15.0.26124.0
MinimumVisualStudioVersion = 15.0.26124.0
Project("{9A19103F-16F7-4668-BE54-9A1E7A4F7556}") = "ControleJogosWebApi", "ControleJogosWebApi\ControleJogosWebApi.csproj", "{DE8DC077-8453-44B5-AF99-8EA4383F9C10}"
EndProject
Project("{9A19103F-16F7-4668-BE54-9A1E7A4F7556}") = "Repository", "Repository\Repository.csproj", "{86081217-991F-4154-BE1D-C2639E990B38}"
EndProject
Global
	GlobalSection(SolutionConfigurationPlatforms) = preSolution
		Debug|Any CPU = Debug|Any CPU
		Debug|x64 = Debug|x64
		Debug|x86 = Debug|x86
		Release|Any CPU = Release|Any CPU
		Release|x64 = Release|x64
		Release|x86 = Release|x86
	EndGlobalSection
	GlobalSection(ProjectConfigurationPlatforms) = postSolution
		{DE8DC077-8453-44B5-AF99-8EA4383F9C10}.Debug|Any CPU.ActiveCfg = Debug|Any CPU
		{DE8DC077-8453-44B5-AF99-8EA4383F9C10}.Debug|Any CPU.Build.0 = Debug|Any CPU
		{DE8DC077-8453-44B5-AF99-8EA4383F9C10}.Debug|x64.ActiveCfg = Debug|Any CPU
		{DE8DC077-8453-44B5-AF99-8EA4383F9C10}.Debug|x64.Build.0 = Debug|Any CPU
		{DE8DC077-8453-44B5-AF99-8EA4383F9C10}.Debug|x86.ActiveCfg = Debug|Any CPU
		{DE8DC077-8453-44B5-AF99-8EA4383F9C10}.Debug|x86.Build.0 = Debug|Any CPU
		{DE8DC077-8453-44B5-AF99-8EA4383F9C10}.Release|Any CPU.ActiveCfg = Release|Any CPU
		{DE8DC077-8453-44B5-AF99-8EA4383F9C10}.Release|Any CPU.Build.0 = Release|Any CPU
		{DE8DC077-8453-44B5-AF99-8EA4383F9C10}.Release|x64.ActiveCfg = Release|Any CPU
		{DE8DC077-8453-44B5-AF99-8EA4383F9C10}.Release|x64.Build.0 = Release|Any CPU
		{DE8DC077-8453-44B5-AF99-8EA4383F9C10}.Release|x86.ActiveCfg = Release|Any CPU
		{DE8DC077-8453-44B5-AF99-8EA4383F9C10}.Release|x86.Build.0 = Release|Any CPU
		{86081217-991F-4154-BE1D-C2639E990B38}.Debug|Any CPU.ActiveCfg = Debug|Any CPU
		{86081217-991F-4154-BE1D-C2639E990B38}.Debug|Any CPU.Build.0 = Debug|Any CPU
		{86081217-991F-4154-BE1D-C2639E990B38}.Debug|x64.ActiveCfg = Debug|Any CPU
		{86081217-991F-4154-BE1D-C2639E990B38}.Debug|x64.Build.0 = Debug|Any CPU
		{86081217-991F-4154-BE1D-C2639E990B38}.Debug|x86.ActiveCfg = Debug|Any CPU
		{86081217-991F-4154-BE1D-C2639E990B38}.Debug|x86.Build.0 = Debug|Any CPU
		{86081217-991F-4154-BE1D-C2639E990B38}.Release|Any CPU.ActiveCfg = Release|Any CPU
		{86081217-991F-4154-BE1D-C2639E990B38}.Release|Any CPU.Build.0 = Release|Any CPU
		{86081217-991F-4154-BE1D-C2639E990B38}.Release|x64.ActiveCfg = Release|Any CPU
		{86081217-991F-4154-BE1D-C2639E990B38}.Release|x64.Build.0 = Release|Any CPU
		{86081217-991F-4154-BE1D-C2639E990B38}.Release|x86.ActiveCfg = Release|Any CPU
		{86081217-991F-4154-BE1D-C2639E990B38}.Release|x86.Build.0 = Release|Any CPU
		{A6E0A081-ADC6-4A7E-BADC-F9ACC0728975}.Debug|Any CPU.ActiveCfg = Debug|Any CPU
		{A6E0A081-ADC6-4A7E-BADC-F9ACC0728975}.Debug|Any CPU.Build.0 = Debug|Any CPU
		{A6E0A081-ADC6-4A7E-BADC-F9ACC0728975}.Debug|x64.ActiveCfg = Debug|Any CPU
		{A6E0A081-ADC6-4A7E-BADC-F9ACC0728975}.Debug|x64.Build.0 = Debug|Any CPU
		{A6E0A081-ADC6-4A7E-BADC-F9ACC0728975}.Debug|x86.ActiveCfg = Debug|Any CPU
		{A6E0A081-ADC6-4A7E-BADC-F9ACC0728975}.Debug|x86.Build.0 = Debug|Any CPU
		{A6E0A081-ADC6-4A7E-BADC-F9ACC0728975}.Release|Any CPU.ActiveCfg = Release|Any CPU
		{A6E0A081-ADC6-4A7E-BADC-F9ACC0728975}.Release|Any CPU.Build.0 = Release|Any CPU
		{A6E0A081-ADC6-4A7E-BADC-F9ACC0728975}.Release|x64.ActiveCfg = Release|Any CPU
		{A6E0A081-ADC6-4A7E-BADC-F9ACC0728975}.Release|x64.Build.0 = Release|Any CPU
		{A6E0A081-ADC6-4A7E-BADC-F9ACC0728975}.Release|x86.ActiveCfg = Release|Any CPU
		{A6E0A081-ADC6-4A7E-BADC-F9ACC0728975}.Release|x86.Build.0 = Release|Any CPU
	EndGlobalSection
	GlobalSection(SolutionProperties) = preSolution
		HideSolutionNode = FALSE
	EndGlobalSection
	GlobalSection(ExtensibilityGlobals) = postSolution
		SolutionGuid = {E7EE3C4E-65F4-4172-97D1-2147B91211C5}
	EndGlobalSection
EndGlobal
